
Microsoft Visual Studio Solution File, Format Version 12.00
# Visual Studio 15
VisualStudioVersion = 15.0.28307.572
MinimumVisualStudioVersion = 10.0.40219.1
Project("{8BC9CEB8-8B4A-11D0-8D11-00A0C91BC942}") = "Lab4_MelissaMansilla_1061719", "Lab4_MelissaMansilla_1061719\Lab4_MelissaMansilla_1061719.vcxproj", "{8CB1F6F2-B3A2-47A5-9902-CEBA906EF8F2}"
EndProject
Global
	GlobalSection(SolutionConfigurationPlatforms) = preSolution
		Debug|x64 = Debug|x64
		Debug|x86 = Debug|x86
		Release|x64 = Release|x64
		Release|x86 = Release|x86
	EndGlobalSection
	GlobalSection(ProjectConfigurationPlatforms) = postSolution
		{8CB1F6F2-B3A2-47A5-9902-CEBA906EF8F2}.Debug|x64.ActiveCfg = Debug|x64
		{8CB1F6F2-B3A2-47A5-9902-CEBA906EF8F2}.Debug|x64.Build.0 = Debug|x64
		{8CB1F6F2-B3A2-47A5-9902-CEBA906EF8F2}.Debug|x86.ActiveCfg = Debug|Win32
		{8CB1F6F2-B3A2-47A5-9902-CEBA906EF8F2}.Debug|x86.Build.0 = Debug|Win32
		{8CB1F6F2-B3A2-47A5-9902-CEBA906EF8F2}.Release|x64.ActiveCfg = Release|x64
		{8CB1F6F2-B3A2-47A5-9902-CEBA906EF8F2}.Release|x64.Build.0 = Release|x64
		{8CB1F6F2-B3A2-47A5-9902-CEBA906EF8F2}.Release|x86.ActiveCfg = Release|Win32
		{8CB1F6F2-B3A2-47A5-9902-CEBA906EF8F2}.Release|x86.Build.0 = Release|Win32
	EndGlobalSection
	GlobalSection(SolutionProperties) = preSolution
		HideSolutionNode = FALSE
	EndGlobalSection
	GlobalSection(ExtensibilityGlobals) = postSolution
		SolutionGuid = {EB9C4DA5-CAF3-44A3-8494-17BB5A12AA7B}
	EndGlobalSection
EndGlobal
